
Microsoft Visual Studio Solution File, Format Version 12.00
# Visual Studio 15
VisualStudioVersion = 15.0.28307.1209
MinimumVisualStudioVersion = 10.0.40219.1
Project("{FAE04EC0-301F-11D3-BF4B-00C04F79EFBC}") = "FirstXamlApp", "FirstXamlApp\FirstXamlApp.csproj", "{11314ADA-2DC8-4077-B161-405823AB4DDF}"
EndProject
Global
	GlobalSection(SolutionConfigurationPlatforms) = preSolution
		Debug|ARM = Debug|ARM
		Debug|ARM64 = Debug|ARM64
		Debug|x64 = Debug|x64
		Debug|x86 = Debug|x86
		Release|ARM = Release|ARM
		Release|ARM64 = Release|ARM64
		Release|x64 = Release|x64
		Release|x86 = Release|x86
	EndGlobalSection
	GlobalSection(ProjectConfigurationPlatforms) = postSolution
		{11314ADA-2DC8-4077-B161-405823AB4DDF}.Debug|ARM.ActiveCfg = Debug|ARM
		{11314ADA-2DC8-4077-B161-405823AB4DDF}.Debug|ARM.Build.0 = Debug|ARM
		{11314ADA-2DC8-4077-B161-405823AB4DDF}.Debug|ARM.Deploy.0 = Debug|ARM
		{11314ADA-2DC8-4077-B161-405823AB4DDF}.Debug|ARM64.ActiveCfg = Debug|ARM64
		{11314ADA-2DC8-4077-B161-405823AB4DDF}.Debug|ARM64.Build.0 = Debug|ARM64
		{11314ADA-2DC8-4077-B161-405823AB4DDF}.Debug|ARM64.Deploy.0 = Debug|ARM64
		{11314ADA-2DC8-4077-B161-405823AB4DDF}.Debug|x64.ActiveCfg = Debug|x64
		{11314ADA-2DC8-4077-B161-405823AB4DDF}.Debug|x64.Build.0 = Debug|x64
		{11314ADA-2DC8-4077-B161-405823AB4DDF}.Debug|x64.Deploy.0 = Debug|x64
		{11314ADA-2DC8-4077-B161-405823AB4DDF}.Debug|x86.ActiveCfg = Debug|x86
		{11314ADA-2DC8-4077-B161-405823AB4DDF}.Debug|x86.Build.0 = Debug|x86
		{11314ADA-2DC8-4077-B161-405823AB4DDF}.Debug|x86.Deploy.0 = Debug|x86
		{11314ADA-2DC8-4077-B161-405823AB4DDF}.Release|ARM.ActiveCfg = Release|ARM
		{11314ADA-2DC8-4077-B161-405823AB4DDF}.Release|ARM.Build.0 = Release|ARM
		{11314ADA-2DC8-4077-B161-405823AB4DDF}.Release|ARM.Deploy.0 = Release|ARM
		{11314ADA-2DC8-4077-B161-405823AB4DDF}.Release|ARM64.ActiveCfg = Release|ARM64
		{11314ADA-2DC8-4077-B161-405823AB4DDF}.Release|ARM64.Build.0 = Release|ARM64
		{11314ADA-2DC8-4077-B161-405823AB4DDF}.Release|ARM64.Deploy.0 = Release|ARM64
		{11314ADA-2DC8-4077-B161-405823AB4DDF}.Release|x64.ActiveCfg = Release|x64
		{11314ADA-2DC8-4077-B161-405823AB4DDF}.Release|x64.Build.0 = Release|x64
		{11314ADA-2DC8-4077-B161-405823AB4DDF}.Release|x64.Deploy.0 = Release|x64
		{11314ADA-2DC8-4077-B161-405823AB4DDF}.Release|x86.ActiveCfg = Release|x86
		{11314ADA-2DC8-4077-B161-405823AB4DDF}.Release|x86.Build.0 = Release|x86
		{11314ADA-2DC8-4077-B161-405823AB4DDF}.Release|x86.Deploy.0 = Release|x86
	EndGlobalSection
	GlobalSection(SolutionProperties) = preSolution
		HideSolutionNode = FALSE
	EndGlobalSection
	GlobalSection(ExtensibilityGlobals) = postSolution
		SolutionGuid = {D8969E04-88DB-4633-A17A-F1D4CE3EB5AD}
	EndGlobalSection
EndGlobal
